
Microsoft Visual Studio Solution File, Format Version 12.00
# Visual Studio Version 17
VisualStudioVersion = 17.0.32112.339
MinimumVisualStudioVersion = 10.0.40219.1
Project("{9A19103F-16F7-4668-BE54-9A1E7A4F7556}") = "IdentityProject", "..\..\IdentityProject\IdentityProject\IdentityProject\IdentityProject.csproj", "{818D8D75-CC2E-47CC-B805-37BAE50998B7}"
EndProject
Project("{9A19103F-16F7-4668-BE54-9A1E7A4F7556}") = "DemoIdentty", "..\..\DemoIdentity3\DemoIdentity3\DemoIdentty\DemoIdentty.csproj", "{1433C625-7C38-4FF8-A481-9CC9810632D0}"
EndProject
Global
	GlobalSection(SolutionConfigurationPlatforms) = preSolution
		Debug|Any CPU = Debug|Any CPU
		Release|Any CPU = Release|Any CPU
	EndGlobalSection
	GlobalSection(ProjectConfigurationPlatforms) = postSolution
		{818D8D75-CC2E-47CC-B805-37BAE50998B7}.Debug|Any CPU.ActiveCfg = Debug|Any CPU
		{818D8D75-CC2E-47CC-B805-37BAE50998B7}.Debug|Any CPU.Build.0 = Debug|Any CPU
		{818D8D75-CC2E-47CC-B805-37BAE50998B7}.Release|Any CPU.ActiveCfg = Release|Any CPU
		{818D8D75-CC2E-47CC-B805-37BAE50998B7}.Release|Any CPU.Build.0 = Release|Any CPU
		{1433C625-7C38-4FF8-A481-9CC9810632D0}.Debug|Any CPU.ActiveCfg = Debug|Any CPU
		{1433C625-7C38-4FF8-A481-9CC9810632D0}.Debug|Any CPU.Build.0 = Debug|Any CPU
		{1433C625-7C38-4FF8-A481-9CC9810632D0}.Release|Any CPU.ActiveCfg = Release|Any CPU
		{1433C625-7C38-4FF8-A481-9CC9810632D0}.Release|Any CPU.Build.0 = Release|Any CPU
	EndGlobalSection
	GlobalSection(SolutionProperties) = preSolution
		HideSolutionNode = FALSE
	EndGlobalSection
	GlobalSection(ExtensibilityGlobals) = postSolution
		SolutionGuid = {16B39178-B2DF-4269-A49D-D9B1BEED561D}
	EndGlobalSection
EndGlobal
