
Microsoft Visual Studio Solution File, Format Version 12.00
# Visual Studio Version 17
VisualStudioVersion = 17.7.34024.191
MinimumVisualStudioVersion = 10.0.40219.1
Project("{9A19103F-16F7-4668-BE54-9A1E7A4F7556}") = "ASP.NETCoreIdentityCustom", "ASP.NETCoreIdentityCustom.csproj", "{F643E517-AC26-444B-9B43-7565D94D372F}"
EndProject
Global
	GlobalSection(SolutionConfigurationPlatforms) = preSolution
		Debug|Any CPU = Debug|Any CPU
		Release|Any CPU = Release|Any CPU
	EndGlobalSection
	GlobalSection(ProjectConfigurationPlatforms) = postSolution
		{F643E517-AC26-444B-9B43-7565D94D372F}.Debug|Any CPU.ActiveCfg = Debug|Any CPU
		{F643E517-AC26-444B-9B43-7565D94D372F}.Debug|Any CPU.Build.0 = Debug|Any CPU
		{F643E517-AC26-444B-9B43-7565D94D372F}.Release|Any CPU.ActiveCfg = Release|Any CPU
		{F643E517-AC26-444B-9B43-7565D94D372F}.Release|Any CPU.Build.0 = Release|Any CPU
	EndGlobalSection
	GlobalSection(SolutionProperties) = preSolution
		HideSolutionNode = FALSE
	EndGlobalSection
	GlobalSection(ExtensibilityGlobals) = postSolution
		SolutionGuid = {2C9A13B9-3E48-41CE-AAB8-38D696B07CF0}
	EndGlobalSection
EndGlobal
